hash: 5a4cd64540b73f0398447f02b688adee18a936960a4cbf15c88bbca1abef877f
updated: 2017-09-05T15:16:19.7190832+02:00
imports:
- name: github.com/google/logger
  version: 660ecf7532aaf162e3d3e435c4b63ed74b798a1f
- name: golang.org/x/sys
  version: e24f485414aeafb646f6fca458b0bf869c0880a1
  subpackages:
  - windows
  - windows/registry
  - windows/svc/eventlog
testImports: []
